
Microsoft Visual Studio Solution File, Format Version 12.00
# Visual Studio Version 16
VisualStudioVersion = 16.0.31702.278
MinimumVisualStudioVersion = 10.0.40219.1
Project("{FAE04EC0-301F-11D3-BF4B-00C04F79EFBC}") = "Logical_Program", "Logical_Program\Logical_Program.csproj", "{9DB062F1-23D3-489C-8961-B9BA90FC0316}"
EndProject
Global
	GlobalSection(SolutionConfigurationPlatforms) = preSolution
		Debug|Any CPU = Debug|Any CPU
		Release|Any CPU = Release|Any CPU
	EndGlobalSection
	GlobalSection(ProjectConfigurationPlatforms) = postSolution
		{9DB062F1-23D3-489C-8961-B9BA90FC0316}.Debug|Any CPU.ActiveCfg = Debug|Any CPU
		{9DB062F1-23D3-489C-8961-B9BA90FC0316}.Debug|Any CPU.Build.0 = Debug|Any CPU
		{9DB062F1-23D3-489C-8961-B9BA90FC0316}.Release|Any CPU.ActiveCfg = Release|Any CPU
		{9DB062F1-23D3-489C-8961-B9BA90FC0316}.Release|Any CPU.Build.0 = Release|Any CPU
	EndGlobalSection
	GlobalSection(SolutionProperties) = preSolution
		HideSolutionNode = FALSE
	EndGlobalSection
	GlobalSection(ExtensibilityGlobals) = postSolution
		SolutionGuid = {2F64A7FC-45F1-4D70-9271-121121A7B7A8}
	EndGlobalSection
EndGlobal
